// !$*UTF8*$!
{
	archiveVersion = 1;
	classes = {
	};
	objectVersion = 50;
	objects = {

/* Begin PBXBuildFile section */
		AADE2AB825BF29F200BDC991 /* AppDelegate.swift in Sources */ = {isa = PBXBuildFile; fileRef = AADE2AB725BF29F200BDC991 /* AppDelegate.swift */; };
		AADE2ABA25BF29F200BDC991 /* SceneDelegate.swift in Sources */ = {isa = PBXBuildFile; fileRef = AADE2AB925BF29F200BDC991 /* SceneDelegate.swift */; };
		AADE2ABC25BF29F200BDC991 /* ReminderListViewController.swift in Sources */ = {isa = PBXBuildFile; fileRef = AADE2ABB25BF29F200BDC991 /* ReminderListViewController.swift */; };
		AADE2ABF25BF29F200BDC991 /* Main.storyboard in Resources */ = {isa = PBXBuildFile; fileRef = AADE2ABD25BF29F200BDC991 /* Main.storyboard */; };
		AADE2AC125BF29F500BDC991 /* Assets.xcassets in Resources */ = {isa = PBXBuildFile; fileRef = AADE2AC025BF29F500BDC991 /* Assets.xcassets */; };
		AADE2AC425BF29F500BDC991 /* LaunchScreen.storyboard in Resources */ = {isa = PBXBuildFile; fileRef = AADE2AC225BF29F500BDC991 /* LaunchScreen.storyboard */; };
		AADE2ACE25BF2CA700BDC991 /* Reminder.swift in Sources */ = {isa = PBXBuildFile; fileRef = AADE2ACD25BF2CA700BDC991 /* Reminder.swift */; };
		AADE2AD925BF30BA00BDC991 /* LICENSE.txt in Resources */ = {isa = PBXBuildFile; fileRef = AADE2AD825BF30BA00BDC991 /* LICENSE.txt */; };
		AADE2ADE25BF555600BDC991 /* ReminderListCell.swift in Sources */ = {isa = PBXBuildFile; fileRef = AADE2ADD25BF555600BDC991 /* ReminderListCell.swift */; };
		AADE2AE325BF621E00BDC991 /* ReminderDetailViewController.swift in Sources */ = {isa = PBXBuildFile; fileRef = AADE2AE225BF621E00BDC991 /* ReminderDetailViewController.swift */; };
		AADE2AEA25BF6E6E00BDC991 /* ReminderListDataSource.swift in Sources */ = {isa = PBXBuildFile; fileRef = AADE2AE925BF6E6E00BDC991 /* ReminderListDataSource.swift */; };
		AADE2AED25BF710000BDC991 /* ReminderDetailViewDataSource.swift in Sources */ = {isa = PBXBuildFile; fileRef = AADE2AEC25BF710000BDC991 /* ReminderDetailViewDataSource.swift */; };
		AADE2AF125BF7C5700BDC991 /* EditTitleCell.swift in Sources */ = {isa = PBXBuildFile; fileRef = AADE2AF025BF7C5700BDC991 /* EditTitleCell.swift */; };
		AADE2AF525BF7CAD00BDC991 /* EditDateCell.swift in Sources */ = {isa = PBXBuildFile; fileRef = AADE2AF425BF7CAD00BDC991 /* EditDateCell.swift */; };
		AADE2AF825BF7CE600BDC991 /* EditNotesCell.swift in Sources */ = {isa = PBXBuildFile; fileRef = AADE2AF725BF7CE600BDC991 /* EditNotesCell.swift */; };
		AADE2AFB25BF7EC300BDC991 /* ReminderDetailEditDataSource.swift in Sources */ = {isa = PBXBuildFile; fileRef = AADE2AFA25BF7EC300BDC991 /* ReminderDetailEditDataSource.swift */; };
/* End PBXBuildFile section */

/* Begin PBXFileReference section */
		AA07BCD525F29F91004EDB45 /* README.md */ = {isa = PBXFileReference; lastKnownFileType = net.daringfireball.markdown; path = README.md; sourceTree = "<group>"; };
		AADE2AB425BF29F200BDC991 /* Today.app */ = {isa = PBXFileReference; explicitFileType = wrapper.application; includeInIndex = 0; path = Today.app; sourceTree = BUILT_PRODUCTS_DIR; };
		AADE2AB725BF29F200BDC991 /* AppDelegate.swift */ = {isa = PBXFileReference; lastKnownFileType = sourcecode.swift; path = AppDelegate.swift; sourceTree = "<group>"; };
		AADE2AB925BF29F200BDC991 /* SceneDelegate.swift */ = {isa = PBXFileReference; lastKnownFileType = sourcecode.swift; path = SceneDelegate.swift; sourceTree = "<group>"; };
		AADE2ABB25BF29F200BDC991 /* ReminderListViewController.swift */ = {isa = PBXFileReference; lastKnownFileType = sourcecode.swift; path = ReminderListViewController.swift; sourceTree = "<group>"; };
		AADE2ABE25BF29F200BDC991 /* Base */ = {isa = PBXFileReference; lastKnownFileType = file.storyboard; name = Base; path = Base.lproj/Main.storyboard; sourceTree = "<group>"; };
		AADE2AC025BF29F500BDC991 /* Assets.xcassets */ = {isa = PBXFileReference; lastKnownFileType = folder.assetcatalog; path = Assets.xcassets; sourceTree = "<group>"; };
		AADE2AC325BF29F500BDC991 /* Base */ = {isa = PBXFileReference; lastKnownFileType = file.storyboard; name = Base; path = Base.lproj/LaunchScreen.storyboard; sourceTree = "<group>"; };
		AADE2AC525BF29F500BDC991 /* Info.plist */ = {isa = PBXFileReference; lastKnownFileType = text.plist.xml; path = Info.plist; sourceTree = "<group>"; };
		AADE2ACD25BF2CA700BDC991 /* Reminder.swift */ = {isa = PBXFileReference; lastKnownFileType = sourcecode.swift; path = Reminder.swift; sourceTree = "<group>"; };
		AADE2AD825BF30BA00BDC991 /* LICENSE.txt */ = {isa = PBXFileReference; fileEncoding = 4; lastKnownFileType = text; path = LICENSE.txt; sourceTree = "<group>"; };
		AADE2ADD25BF555600BDC991 /* ReminderListCell.swift */ = {isa = PBXFileReference; lastKnownFileType = sourcecode.swift; path = ReminderListCell.swift; sourceTree = "<group>"; };
		AADE2AE225BF621E00BDC991 /* ReminderDetailViewController.swift */ = {isa = PBXFileReference; lastKnownFileType = sourcecode.swift; path = ReminderDetailViewController.swift; sourceTree = "<group>"; };
		AADE2AE925BF6E6E00BDC991 /* ReminderListDataSource.swift */ = {isa = PBXFileReference; lastKnownFileType = sourcecode.swift; path = ReminderListDataSource.swift; sourceTree = "<group>"; };
		AADE2AEC25BF710000BDC991 /* ReminderDetailViewDataSource.swift */ = {isa = PBXFileReference; lastKnownFileType = sourcecode.swift; path = ReminderDetailViewDataSource.swift; sourceTree = "<group>"; };
		AADE2AF025BF7C5700BDC991 /* EditTitleCell.swift */ = {isa = PBXFileReference; lastKnownFileType = sourcecode.swift; path = EditTitleCell.swift; sourceTree = "<group>"; };
		AADE2AF425BF7CAD00BDC991 /* EditDateCell.swift */ = {isa = PBXFileReference; lastKnownFileType = sourcecode.swift; path = EditDateCell.swift; sourceTree = "<group>"; };
		AADE2AF725BF7CE600BDC991 /* EditNotesCell.swift */ = {isa = PBXFileReference; lastKnownFileType = sourcecode.swift; path = EditNotesCell.swift; sourceTree = "<group>"; };
		AADE2AFA25BF7EC300BDC991 /* ReminderDetailEditDataSource.swift */ = {isa = PBXFileReference; lastKnownFileType = sourcecode.swift; path = ReminderDetailEditDataSource.swift; sourceTree = "<group>"; };
/* End PBXFileReference section */

/* Begin PBXFrameworksBuildPhase section */
		AADE2AB125BF29F200BDC991 /* Frameworks */ = {
			isa = PBXFrameworksBuildPhase;
			buildActionMask = 2147483647;
			files = (
			);
			runOnlyForDeploymentPostprocessing = 0;
		};
/* End PBXFrameworksBuildPhase section */

/* Begin PBXGroup section */
		AADE2AAB25BF29F200BDC991 = {
			isa = PBXGroup;
			children = (
				AA07BCD525F29F91004EDB45 /* README.md */,
				AADE2AB625BF29F200BDC991 /* Today */,
				AADE2AB525BF29F200BDC991 /* Products */,
				AADE2AD725BF30BA00BDC991 /* LICENSE */,
			);
			sourceTree = "<group>";
		};
		AADE2AB525BF29F200BDC991 /* Products */ = {
			isa = PBXGroup;
			children = (
				AADE2AB425BF29F200BDC991 /* Today.app */,
			);
			name = Products;
			sourceTree = "<group>";
		};
		AADE2AB625BF29F200BDC991 /* Today */ = {
			isa = PBXGroup;
			children = (
				AADE2AB725BF29F200BDC991 /* AppDelegate.swift */,
				AADE2AB925BF29F200BDC991 /* SceneDelegate.swift */,
				AADE2ABB25BF29F200BDC991 /* ReminderListViewController.swift */,
				AADE2AE225BF621E00BDC991 /* ReminderDetailViewController.swift */,
				AADE2AE925BF6E6E00BDC991 /* ReminderListDataSource.swift */,
				AADE2AEC25BF710000BDC991 /* ReminderDetailViewDataSource.swift */,
				AADE2AFA25BF7EC300BDC991 /* ReminderDetailEditDataSource.swift */,
				AADE2ACD25BF2CA700BDC991 /* Reminder.swift */,
				AADE2AEF25BF7C3700BDC991 /* Views */,
				AADE2ABD25BF29F200BDC991 /* Main.storyboard */,
				AADE2AC025BF29F500BDC991 /* Assets.xcassets */,
				AADE2AC225BF29F500BDC991 /* LaunchScreen.storyboard */,
				AADE2AC525BF29F500BDC991 /* Info.plist */,
			);
			path = Today;
			sourceTree = "<group>";
		};
		AADE2AD725BF30BA00BDC991 /* LICENSE */ = {
			isa = PBXGroup;
			children = (
				AADE2AD825BF30BA00BDC991 /* LICENSE.txt */,
			);
			path = LICENSE;
			sourceTree = "<group>";
		};
		AADE2AEF25BF7C3700BDC991 /* Views */ = {
			isa = PBXGroup;
			children = (
				AADE2ADD25BF555600BDC991 /* ReminderListCell.swift */,
				AADE2AF025BF7C5700BDC991 /* EditTitleCell.swift */,
				AADE2AF425BF7CAD00BDC991 /* EditDateCell.swift */,
				AADE2AF725BF7CE600BDC991 /* EditNotesCell.swift */,
			);
			path = Views;
			sourceTree = "<group>";
		};
/* End PBXGroup section */

/* Begin PBXNativeTarget section */
		AADE2AB325BF29F200BDC991 /* Today */ = {
			isa = PBXNativeTarget;
			buildConfigurationList = AADE2AC825BF29F500BDC991 /* Build configuration list for PBXNativeTarget "Today" */;
			buildPhases = (
				AADE2AB025BF29F200BDC991 /* Sources */,
				AADE2AB125BF29F200BDC991 /* Frameworks */,
				AADE2AB225BF29F200BDC991 /* Resources */,
			);
			buildRules = (
			);
			dependencies = (
			);
			name = Today;
			productName = Today;
			productReference = AADE2AB425BF29F200BDC991 /* Today.app */;
			productType = "com.apple.product-type.application";
		};
/* End PBXNativeTarget section */

/* Begin PBXProject section */
		AADE2AAC25BF29F200BDC991 /* Project object */ = {
			isa = PBXProject;
			attributes = {
				LastSwiftUpdateCheck = 1230;
				LastUpgradeCheck = 1230;
				TargetAttributes = {
					AADE2AB325BF29F200BDC991 = {
						CreatedOnToolsVersion = 12.3;
					};
				};
			};
			buildConfigurationList = AADE2AAF25BF29F200BDC991 /* Build configuration list for PBXProject "Today" */;
			compatibilityVersion = "Xcode 9.3";
			developmentRegion = en;
			hasScannedForEncodings = 0;
			knownRegions = (
				en,
				Base,
			);
			mainGroup = AADE2AAB25BF29F200BDC991;
			productRefGroup = AADE2AB525BF29F200BDC991 /* Products */;
			projectDirPath = "";
			projectRoot = "";
			targets = (
				AADE2AB325BF29F200BDC991 /* Today */,
			);
		};
/* End PBXProject section */

/* Begin PBXResourcesBuildPhase section */
		AADE2AB225BF29F200BDC991 /* Resources */ = {
			isa = PBXResourcesBuildPhase;
			buildActionMask = 2147483647;
			files = (
				AADE2AD925BF30BA00BDC991 /* LICENSE.txt in Resources */,
				AADE2AC425BF29F500BDC991 /* LaunchScreen.storyboard in Resources */,
				AADE2AC125BF29F500BDC991 /* Assets.xcassets in Resources */,
				AADE2ABF25BF29F200BDC991 /* Main.storyboard in Resources */,
			);
			runOnlyForDeploymentPostprocessing = 0;
		};
/* End PBXResourcesBuildPhase section */

/* Begin PBXSourcesBuildPhase section */
		AADE2AB025BF29F200BDC991 /* Sources */ = {
			isa = PBXSourcesBuildPhase;
			buildActionMask = 2147483647;
			files = (
				AADE2ABC25BF29F200BDC991 /* ReminderListViewController.swift in Sources */,
				AADE2ADE25BF555600BDC991 /* ReminderListCell.swift in Sources */,
				AADE2AF125BF7C5700BDC991 /* EditTitleCell.swift in Sources */,
				AADE2AB825BF29F200BDC991 /* AppDelegate.swift in Sources */,
				AADE2AE325BF621E00BDC991 /* ReminderDetailViewController.swift in Sources */,
				AADE2AED25BF710000BDC991 /* ReminderDetailViewDataSource.swift in Sources */,
				AADE2ABA25BF29F200BDC991 /* SceneDelegate.swift in Sources */,
				AADE2AF825BF7CE600BDC991 /* EditNotesCell.swift in Sources */,
				AADE2AF525BF7CAD00BDC991 /* EditDateCell.swift in Sources */,
				AADE2ACE25BF2CA700BDC991 /* Reminder.swift in Sources */,
				AADE2AEA25BF6E6E00BDC991 /* ReminderListDataSource.swift in Sources */,
				AADE2AFB25BF7EC300BDC991 /* ReminderDetailEditDataSource.swift in Sources */,
			);
			runOnlyForDeploymentPostprocessing = 0;
		};
/* End PBXSourcesBuildPhase section */

/* Begin PBXVariantGroup section */
		AADE2ABD25BF29F200BDC991 /* Main.storyboard */ = {
			isa = PBXVariantGroup;
			children = (
				AADE2ABE25BF29F200BDC991 /* Base */,
			);
			name = Main.storyboard;
			sourceTree = "<group>";
		};
		AADE2AC225BF29F500BDC991 /* LaunchScreen.storyboard */ = {
			isa = PBXVariantGroup;
			children = (
				AADE2AC325BF29F500BDC991 /* Base */,
			);
			name = LaunchScreen.storyboard;
			sourceTree = "<group>";
		};
/* End PBXVariantGroup section */

/* Begin XCBuildConfiguration section */
		AADE2AC625BF29F500BDC991 /* Debug */ = {
			isa = XCBuildConfiguration;
			buildSettings = {
				ALWAYS_SEARCH_USER_PATHS = NO;
				CLANG_ANALYZER_NONNULL = YES;
				CLANG_ANALYZER_NUMBER_OBJECT_CONVERSION = YES_AGGRESSIVE;
				CLANG_CXX_LANGUAGE_STANDARD = "gnu++14";
				CLANG_CXX_LIBRARY = "libc++";
				CLANG_ENABLE_MODULES = YES;
				CLANG_ENABLE_OBJC_ARC = YES;
				CLANG_ENABLE_OBJC_WEAK = YES;
				CLANG_WARN_BLOCK_CAPTURE_AUTORELEASING = YES;
				CLANG_WARN_BOOL_CONVERSION = YES;
				CLANG_WARN_COMMA = YES;
				CLANG_WARN_CONSTANT_CONVERSION = YES;
				CLANG_WARN_DEPRECATED_OBJC_IMPLEMENTATIONS = YES;
				CLANG_WARN_DIRECT_OBJC_ISA_USAGE = YES_ERROR;
				CLANG_WARN_DOCUMENTATION_COMMENTS = YES;
				CLANG_WARN_EMPTY_BODY = YES;
				CLANG_WARN_ENUM_CONVERSION = YES;
				CLANG_WARN_INFINITE_RECURSION = YES;
				CLANG_WARN_INT_CONVERSION = YES;
				CLANG_WARN_NON_LITERAL_NULL_CONVERSION = YES;
				CLANG_WARN_OBJC_IMPLICIT_RETAIN_SELF = YES;
				CLANG_WARN_OBJC_LITERAL_CONVERSION = YES;
				CLANG_WARN_OBJC_ROOT_CLASS = YES_ERROR;
				CLANG_WARN_QUOTED_INCLUDE_IN_FRAMEWORK_HEADER = YES;
				CLANG_WARN_RANGE_LOOP_ANALYSIS = YES;
				CLANG_WARN_STRICT_PROTOTYPES = YES;
				CLANG_WARN_SUSPICIOUS_MOVE = YES;
				CLANG_WARN_UNGUARDED_AVAILABILITY = YES_AGGRESSIVE;
				CLANG_WARN_UNREACHABLE_CODE = YES;
				CLANG_WARN__DUPLICATE_METHOD_MATCH = YES;
				COPY_PHASE_STRIP = NO;
				DEBUG_INFORMATION_FORMAT = dwarf;
				ENABLE_STRICT_OBJC_MSGSEND = YES;
				ENABLE_TESTABILITY = YES;
				GCC_C_LANGUAGE_STANDARD = gnu11;
				GCC_DYNAMIC_NO_PIC = NO;
				GCC_NO_COMMON_BLOCKS = YES;
				GCC_OPTIMIZATION_LEVEL = 0;
				GCC_PREPROCESSOR_DEFINITIONS = (
					"DEBUG=1",
					"$(inherited)",
				);
				GCC_WARN_64_TO_32_BIT_CONVERSION = YES;
				GCC_WARN_ABOUT_RETURN_TYPE = YES_ERROR;
				GCC_WARN_UNDECLARED_SELECTOR = YES;
				GCC_WARN_UNINITIALIZED_AUTOS = YES_AGGRESSIVE;
				GCC_WARN_UNUSED_FUNCTION = YES;
				GCC_WARN_UNUSED_VARIABLE = YES;
				IPHONEOS_DEPLOYMENT_TARGET = 14.3;
				MTL_ENABLE_DEBUG_INFO = INCLUDE_SOURCE;
				MTL_FAST_MATH = YES;
				ONLY_ACTIVE_ARCH = YES;
				SDKROOT = iphoneos;
				SWIFT_ACTIVE_COMPILATION_CONDITIONS = DEBUG;
				SWIFT_OPTIMIZATION_LEVEL = "-Onone";
			};
			name = Debug;
		};
		AADE2AC725BF29F500BDC991 /* Release */ = {
			isa = XCBuildConfiguration;
			buildSettings = {
				ALWAYS_SEARCH_USER_PATHS = NO;
				CLANG_ANALYZER_NONNULL = YES;
				CLANG_ANALYZER_NUMBER_OBJECT_CONVERSION = YES_AGGRESSIVE;
				CLANG_CXX_LANGUAGE_STANDARD = "gnu++14";
				CLANG_CXX_LIBRARY = "libc++";
				CLANG_ENABLE_MODULES = YES;
				CLANG_ENABLE_OBJC_ARC = YES;
				CLANG_ENABLE_OBJC_WEAK = YES;
				CLANG_WARN_BLOCK_CAPTURE_AUTORELEASING = YES;
				CLANG_WARN_BOOL_CONVERSION = YES;
				CLANG_WARN_COMMA = YES;
				CLANG_WARN_CONSTANT_CONVERSION = YES;
				CLANG_WARN_DEPRECATED_OBJC_IMPLEMENTATIONS = YES;
				CLANG_WARN_DIRECT_OBJC_ISA_USAGE = YES_ERROR;
				CLANG_WARN_DOCUMENTATION_COMMENTS = YES;
				CLANG_WARN_EMPTY_BODY = YES;
				CLANG_WARN_ENUM_CONVERSION = YES;
				CLANG_WARN_INFINITE_RECURSION = YES;
				CLANG_WARN_INT_CONVERSION = YES;
				CLANG_WARN_NON_LITERAL_NULL_CONVERSION = YES;
				CLANG_WARN_OBJC_IMPLICIT_RETAIN_SELF = YES;
				CLANG_WARN_OBJC_LITERAL_CONVERSION = YES;
				CLANG_WARN_OBJC_ROOT_CLASS = YES_ERROR;
				CLANG_WARN_QUOTED_INCLUDE_IN_FRAMEWORK_HEADER = YES;
				CLANG_WARN_RANGE_LOOP_ANALYSIS = YES;
				CLANG_WARN_STRICT_PROTOTYPES = YES;
				CLANG_WARN_SUSPICIOUS_MOVE = YES;
				CLANG_WARN_UNGUARDED_AVAILABILITY = YES_AGGRESSIVE;
				CLANG_WARN_UNREACHABLE_CODE = YES;
				CLANG_WARN__DUPLICATE_METHOD_MATCH = YES;
				COPY_PHASE_STRIP = NO;
				DEBUG_INFORMATION_FORMAT = "dwarf-with-dsym";
				ENABLE_NS_ASSERTIONS = NO;
				ENABLE_STRICT_OBJC_MSGSEND = YES;
				GCC_C_LANGUAGE_STANDARD = gnu11;
				GCC_NO_COMMON_BLOCKS = YES;
				GCC_WARN_64_TO_32_BIT_CONVERSION = YES;
				GCC_WARN_ABOUT_RETURN_TYPE = YES_ERROR;
				GCC_WARN_UNDECLARED_SELECTOR = YES;
				GCC_WARN_UNINITIALIZED_AUTOS = YES_AGGRESSIVE;
				GCC_WARN_UNUSED_FUNCTION = YES;
				GCC_WARN_UNUSED_VARIABLE = YES;
				IPHONEOS_DEPLOYMENT_TARGET = 14.3;
				MTL_ENABLE_DEBUG_INFO = NO;
				MTL_FAST_MATH = YES;
				SDKROOT = iphoneos;
				SWIFT_COMPILATION_MODE = wholemodule;
				SWIFT_OPTIMIZATION_LEVEL = "-O";
				VALIDATE_PRODUCT = YES;
			};
			name = Release;
		};
		AADE2AC925BF29F500BDC991 /* Debug */ = {
			isa = XCBuildConfiguration;
			buildSettings = {
				ASSETCATALOG_COMPILER_APPICON_NAME = AppIcon;
				ASSETCATALOG_COMPILER_GLOBAL_ACCENT_COLOR_NAME = AccentColor;
				CODE_SIGN_STYLE = Automatic;
				DEVELOPMENT_TEAM = 4SL936GBZY;
				INFOPLIST_FILE = Today/Info.plist;
				LD_RUNPATH_SEARCH_PATHS = (
					"$(inherited)",
					"@executable_path/Frameworks",
				);
				PRODUCT_BUNDLE_IDENTIFIER = com.apple.training.Today;
				PRODUCT_NAME = "$(TARGET_NAME)";
				SWIFT_VERSION = 5.0;
				TARGETED_DEVICE_FAMILY = "1,2";
			};
			name = Debug;
		};
		AADE2ACA25BF29F500BDC991 /* Release */ = {
			isa = XCBuildConfiguration;
			buildSettings = {
				ASSETCATALOG_COMPILER_APPICON_NAME = AppIcon;
				ASSETCATALOG_COMPILER_GLOBAL_ACCENT_COLOR_NAME = AccentColor;
				CODE_SIGN_STYLE = Automatic;
				DEVELOPMENT_TEAM = 4SL936GBZY;
				INFOPLIST_FILE = Today/Info.plist;
				LD_RUNPATH_SEARCH_PATHS = (
					"$(inherited)",
					"@executable_path/Frameworks",
				);
				PRODUCT_BUNDLE_IDENTIFIER = com.apple.training.Today;
				PRODUCT_NAME = "$(TARGET_NAME)";
				SWIFT_VERSION = 5.0;
				TARGETED_DEVICE_FAMILY = "1,2";
			};
			name = Release;
		};
/* End XCBuildConfiguration section */

/* Begin XCConfigurationList section */
		AADE2AAF25BF29F200BDC991 /* Build configuration list for PBXProject "Today" */ = {
			isa = XCConfigurationList;
			buildConfigurations = (
				AADE2AC625BF29F500BDC991 /* Debug */,
				AADE2AC725BF29F500BDC991 /* Release */,
			);
			defaultConfigurationIsVisible = 0;
			defaultConfigurationName = Release;
		};
		AADE2AC825BF29F500BDC991 /* Build configuration list for PBXNativeTarget "Today" */ = {
			isa = XCConfigurationList;
			buildConfigurations = (
				AADE2AC925BF29F500BDC991 /* Debug */,
				AADE2ACA25BF29F500BDC991 /* Release */,
			);
			defaultConfigurationIsVisible = 0;
			defaultConfigurationName = Release;
		};
/* End XCConfigurationList section */
	};
	rootObject = AADE2AAC25BF29F200BDC991 /* Project object */;
}
